// !$*UTF8*$!
{
	archiveVersion = 1;
	classes = {
	};
	objectVersion = 55;
	objects = {

/* Begin PBXBuildFile section */
		915A392127C738790036522F /* DailyExercise.swift in Sources */ = {isa = PBXBuildFile; fileRef = 915A392027C738790036522F /* DailyExercise.swift */; };
		915A392327C73D6B0036522F /* CardView.swift in Sources */ = {isa = PBXBuildFile; fileRef = 915A392227C73D6B0036522F /* CardView.swift */; };
		915A392627C743BE0036522F /* TrailingIconLabelStyle.swift in Sources */ = {isa = PBXBuildFile; fileRef = 915A392527C743BE0036522F /* TrailingIconLabelStyle.swift */; };
		915A392827C85FD70036522F /* ExerciseView.swift in Sources */ = {isa = PBXBuildFile; fileRef = 915A392727C85FD70036522F /* ExerciseView.swift */; };
		915A392B27C878390036522F /* DetailView.swift in Sources */ = {isa = PBXBuildFile; fileRef = 915A392A27C878390036522F /* DetailView.swift */; };
		91CA778127C71251001EA08A /* iTrainerApp.swift in Sources */ = {isa = PBXBuildFile; fileRef = 91CA778027C71251001EA08A /* iTrainerApp.swift */; };
		91CA778327C71251001EA08A /* MeetingView.swift in Sources */ = {isa = PBXBuildFile; fileRef = 91CA778227C71251001EA08A /* MeetingView.swift */; };
		91CA778527C71252001EA08A /* Assets.xcassets in Resources */ = {isa = PBXBuildFile; fileRef = 91CA778427C71252001EA08A /* Assets.xcassets */; };
		91CA778827C71252001EA08A /* Preview Assets.xcassets in Resources */ = {isa = PBXBuildFile; fileRef = 91CA778727C71252001EA08A /* Preview Assets.xcassets */; };
		91CA779227C71252001EA08A /* iTrainerTests.swift in Sources */ = {isa = PBXBuildFile; fileRef = 91CA779127C71252001EA08A /* iTrainerTests.swift */; };
		91CA779C27C71252001EA08A /* iTrainerUITests.swift in Sources */ = {isa = PBXBuildFile; fileRef = 91CA779B27C71252001EA08A /* iTrainerUITests.swift */; };
		91CA779E27C71252001EA08A /* iTrainerUITestsLaunchTests.swift in Sources */ = {isa = PBXBuildFile; fileRef = 91CA779D27C71252001EA08A /* iTrainerUITestsLaunchTests.swift */; };
		91CA77AC27C72658001EA08A /* Theme.swift in Sources */ = {isa = PBXBuildFile; fileRef = 91CA77AB27C72658001EA08A /* Theme.swift */; };
/* End PBXBuildFile section */

/* Begin PBXContainerItemProxy section */
		91CA778E27C71252001EA08A /* PBXContainerItemProxy */ = {
			isa = PBXContainerItemProxy;
			containerPortal = 91CA777527C71251001EA08A /* Project object */;
			proxyType = 1;
			remoteGlobalIDString = 91CA777C27C71251001EA08A;
			remoteInfo = iTrainer;
		};
		91CA779827C71252001EA08A /* PBXContainerItemProxy */ = {
			isa = PBXContainerItemProxy;
			containerPortal = 91CA777527C71251001EA08A /* Project object */;
			proxyType = 1;
			remoteGlobalIDString = 91CA777C27C71251001EA08A;
			remoteInfo = iTrainer;
		};
/* End PBXContainerItemProxy section */

/* Begin PBXFileReference section */
		915A392027C738790036522F /* DailyExercise.swift */ = {isa = PBXFileReference; lastKnownFileType = sourcecode.swift; path = DailyExercise.swift; sourceTree = "<group>"; };
		915A392227C73D6B0036522F /* CardView.swift */ = {isa = PBXFileReference; lastKnownFileType = sourcecode.swift; path = CardView.swift; sourceTree = "<group>"; };
		915A392527C743BE0036522F /* TrailingIconLabelStyle.swift */ = {isa = PBXFileReference; lastKnownFileType = sourcecode.swift; path = TrailingIconLabelStyle.swift; sourceTree = "<group>"; };
		915A392727C85FD70036522F /* ExerciseView.swift */ = {isa = PBXFileReference; lastKnownFileType = sourcecode.swift; path = ExerciseView.swift; sourceTree = "<group>"; };
		915A392A27C878390036522F /* DetailView.swift */ = {isa = PBXFileReference; lastKnownFileType = sourcecode.swift; path = DetailView.swift; sourceTree = "<group>"; };
		91CA777D27C71251001EA08A /* iTrainer.app */ = {isa = PBXFileReference; explicitFileType = wrapper.application; includeInIndex = 0; path = iTrainer.app; sourceTree = BUILT_PRODUCTS_DIR; };
		91CA778027C71251001EA08A /* iTrainerApp.swift */ = {isa = PBXFileReference; lastKnownFileType = sourcecode.swift; path = iTrainerApp.swift; sourceTree = "<group>"; };
		91CA778227C71251001EA08A /* MeetingView.swift */ = {isa = PBXFileReference; lastKnownFileType = sourcecode.swift; path = MeetingView.swift; sourceTree = "<group>"; };
		91CA778427C71252001EA08A /* Assets.xcassets */ = {isa = PBXFileReference; lastKnownFileType = folder.assetcatalog; path = Assets.xcassets; sourceTree = "<group>"; };
		91CA778727C71252001EA08A /* Preview Assets.xcassets */ = {isa = PBXFileReference; lastKnownFileType = folder.assetcatalog; path = "Preview Assets.xcassets"; sourceTree = "<group>"; };
		91CA778D27C71252001EA08A /* iTrainerTests.xctest */ = {isa = PBXFileReference; explicitFileType = wrapper.cfbundle; includeInIndex = 0; path = iTrainerTests.xctest; sourceTree = BUILT_PRODUCTS_DIR; };
		91CA779127C71252001EA08A /* iTrainerTests.swift */ = {isa = PBXFileReference; lastKnownFileType = sourcecode.swift; path = iTrainerTests.swift; sourceTree = "<group>"; };
		91CA779727C71252001EA08A /* iTrainerUITests.xctest */ = {isa = PBXFileReference; explicitFileType = wrapper.cfbundle; includeInIndex = 0; path = iTrainerUITests.xctest; sourceTree = BUILT_PRODUCTS_DIR; };
		91CA779B27C71252001EA08A /* iTrainerUITests.swift */ = {isa = PBXFileReference; lastKnownFileType = sourcecode.swift; path = iTrainerUITests.swift; sourceTree = "<group>"; };
		91CA779D27C71252001EA08A /* iTrainerUITestsLaunchTests.swift */ = {isa = PBXFileReference; lastKnownFileType = sourcecode.swift; path = iTrainerUITestsLaunchTests.swift; sourceTree = "<group>"; };
		91CA77AB27C72658001EA08A /* Theme.swift */ = {isa = PBXFileReference; lastKnownFileType = sourcecode.swift; path = Theme.swift; sourceTree = "<group>"; };
/* End PBXFileReference section */

/* Begin PBXFrameworksBuildPhase section */
		91CA777A27C71251001EA08A /* Frameworks */ = {
			isa = PBXFrameworksBuildPhase;
			buildActionMask = 2147483647;
			files = (
			);
			runOnlyForDeploymentPostprocessing = 0;
		};
		91CA778A27C71252001EA08A /* Frameworks */ = {
			isa = PBXFrameworksBuildPhase;
			buildActionMask = 2147483647;
			files = (
			);
			runOnlyForDeploymentPostprocessing = 0;
		};
		91CA779427C71252001EA08A /* Frameworks */ = {
			isa = PBXFrameworksBuildPhase;
			buildActionMask = 2147483647;
			files = (
			);
			runOnlyForDeploymentPostprocessing = 0;
		};
/* End PBXFrameworksBuildPhase section */

/* Begin PBXGroup section */
		915A392427C743AD0036522F /* Styles */ = {
			isa = PBXGroup;
			children = (
				915A392527C743BE0036522F /* TrailingIconLabelStyle.swift */,
			);
			path = Styles;
			sourceTree = "<group>";
		};
		915A392927C877EF0036522F /* Views */ = {
			isa = PBXGroup;
			children = (
				915A392227C73D6B0036522F /* CardView.swift */,
				915A392727C85FD70036522F /* ExerciseView.swift */,
				91CA778227C71251001EA08A /* MeetingView.swift */,
				915A392A27C878390036522F /* DetailView.swift */,
			);
			path = Views;
			sourceTree = "<group>";
		};
		91CA777427C71251001EA08A = {
			isa = PBXGroup;
			children = (
				91CA777F27C71251001EA08A /* iTrainer */,
				91CA779027C71252001EA08A /* iTrainerTests */,
				91CA779A27C71252001EA08A /* iTrainerUITests */,
				91CA777E27C71251001EA08A /* Products */,
			);
			sourceTree = "<group>";
		};
		91CA777E27C71251001EA08A /* Products */ = {
			isa = PBXGroup;
			children = (
				91CA777D27C71251001EA08A /* iTrainer.app */,
				91CA778D27C71252001EA08A /* iTrainerTests.xctest */,
				91CA779727C71252001EA08A /* iTrainerUITests.xctest */,
			);
			name = Products;
			sourceTree = "<group>";
		};
		91CA777F27C71251001EA08A /* iTrainer */ = {
			isa = PBXGroup;
			children = (
				915A392927C877EF0036522F /* Views */,
				915A392427C743AD0036522F /* Styles */,
				91CA77AA27C7263D001EA08A /* Models */,
				91CA778027C71251001EA08A /* iTrainerApp.swift */,
				91CA778427C71252001EA08A /* Assets.xcassets */,
				91CA778627C71252001EA08A /* Preview Content */,
			);
			path = iTrainer;
			sourceTree = "<group>";
		};
		91CA778627C71252001EA08A /* Preview Content */ = {
			isa = PBXGroup;
			children = (
				91CA778727C71252001EA08A /* Preview Assets.xcassets */,
			);
			path = "Preview Content";
			sourceTree = "<group>";
		};
		91CA779027C71252001EA08A /* iTrainerTests */ = {
			isa = PBXGroup;
			children = (
				91CA779127C71252001EA08A /* iTrainerTests.swift */,
			);
			path = iTrainerTests;
			sourceTree = "<group>";
		};
		91CA779A27C71252001EA08A /* iTrainerUITests */ = {
			isa = PBXGroup;
			children = (
				91CA779B27C71252001EA08A /* iTrainerUITests.swift */,
				91CA779D27C71252001EA08A /* iTrainerUITestsLaunchTests.swift */,
			);
			path = iTrainerUITests;
			sourceTree = "<group>";
		};
		91CA77AA27C7263D001EA08A /* Models */ = {
			isa = PBXGroup;
			children = (
				91CA77AB27C72658001EA08A /* Theme.swift */,
				915A392027C738790036522F /* DailyExercise.swift */,
			);
			path = Models;
			sourceTree = "<group>";
		};
/* End PBXGroup section */

/* Begin PBXNativeTarget section */
		91CA777C27C71251001EA08A /* iTrainer */ = {
			isa = PBXNativeTarget;
			buildConfigurationList = 91CA77A127C71252001EA08A /* Build configuration list for PBXNativeTarget "iTrainer" */;
			buildPhases = (
				91CA777927C71251001EA08A /* Sources */,
				91CA777A27C71251001EA08A /* Frameworks */,
				91CA777B27C71251001EA08A /* Resources */,
			);
			buildRules = (
			);
			dependencies = (
			);
			name = iTrainer;
			productName = iTrainer;
			productReference = 91CA777D27C71251001EA08A /* iTrainer.app */;
			productType = "com.apple.product-type.application";
		};
		91CA778C27C71252001EA08A /* iTrainerTests */ = {
			isa = PBXNativeTarget;
			buildConfigurationList = 91CA77A427C71252001EA08A /* Build configuration list for PBXNativeTarget "iTrainerTests" */;
			buildPhases = (
				91CA778927C71252001EA08A /* Sources */,
				91CA778A27C71252001EA08A /* Frameworks */,
				91CA778B27C71252001EA08A /* Resources */,
			);
			buildRules = (
			);
			dependencies = (
				91CA778F27C71252001EA08A /* PBXTargetDependency */,
			);
			name = iTrainerTests;
			productName = iTrainerTests;
			productReference = 91CA778D27C71252001EA08A /* iTrainerTests.xctest */;
			productType = "com.apple.product-type.bundle.unit-test";
		};
		91CA779627C71252001EA08A /* iTrainerUITests */ = {
			isa = PBXNativeTarget;
			buildConfigurationList = 91CA77A727C71252001EA08A /* Build configuration list for PBXNativeTarget "iTrainerUITests" */;
			buildPhases = (
				91CA779327C71252001EA08A /* Sources */,
				91CA779427C71252001EA08A /* Frameworks */,
				91CA779527C71252001EA08A /* Resources */,
			);
			buildRules = (
			);
			dependencies = (
				91CA779927C71252001EA08A /* PBXTargetDependency */,
			);
			name = iTrainerUITests;
			productName = iTrainerUITests;
			productReference = 91CA779727C71252001EA08A /* iTrainerUITests.xctest */;
			productType = "com.apple.product-type.bundle.ui-testing";
		};
/* End PBXNativeTarget section */

/* Begin PBXProject section */
		91CA777527C71251001EA08A /* Project object */ = {
			isa = PBXProject;
			attributes = {
				BuildIndependentTargetsInParallel = 1;
				LastSwiftUpdateCheck = 1320;
				LastUpgradeCheck = 1320;
				TargetAttributes = {
					91CA777C27C71251001EA08A = {
						CreatedOnToolsVersion = 13.2.1;
					};
					91CA778C27C71252001EA08A = {
						CreatedOnToolsVersion = 13.2.1;
						TestTargetID = 91CA777C27C71251001EA08A;
					};
					91CA779627C71252001EA08A = {
						CreatedOnToolsVersion = 13.2.1;
						TestTargetID = 91CA777C27C71251001EA08A;
					};
				};
			};
			buildConfigurationList = 91CA777827C71251001EA08A /* Build configuration list for PBXProject "iTrainer" */;
			compatibilityVersion = "Xcode 13.0";
			developmentRegion = en;
			hasScannedForEncodings = 0;
			knownRegions = (
				en,
				Base,
			);
			mainGroup = 91CA777427C71251001EA08A;
			productRefGroup = 91CA777E27C71251001EA08A /* Products */;
			projectDirPath = "";
			projectRoot = "";
			targets = (
				91CA777C27C71251001EA08A /* iTrainer */,
				91CA778C27C71252001EA08A /* iTrainerTests */,
				91CA779627C71252001EA08A /* iTrainerUITests */,
			);
		};
/* End PBXProject section */

/* Begin PBXResourcesBuildPhase section */
		91CA777B27C71251001EA08A /* Resources */ = {
			isa = PBXResourcesBuildPhase;
			buildActionMask = 2147483647;
			files = (
				91CA778827C71252001EA08A /* Preview Assets.xcassets in Resources */,
				91CA778527C71252001EA08A /* Assets.xcassets in Resources */,
			);
			runOnlyForDeploymentPostprocessing = 0;
		};
		91CA778B27C71252001EA08A /* Resources */ = {
			isa = PBXResourcesBuildPhase;
			buildActionMask = 2147483647;
			files = (
			);
			runOnlyForDeploymentPostprocessing = 0;
		};
		91CA779527C71252001EA08A /* Resources */ = {
			isa = PBXResourcesBuildPhase;
			buildActionMask = 2147483647;
			files = (
			);
			runOnlyForDeploymentPostprocessing = 0;
		};
/* End PBXResourcesBuildPhase section */

/* Begin PBXSourcesBuildPhase section */
		91CA777927C71251001EA08A /* Sources */ = {
			isa = PBXSourcesBuildPhase;
			buildActionMask = 2147483647;
			files = (
				91CA77AC27C72658001EA08A /* Theme.swift in Sources */,
				915A392B27C878390036522F /* DetailView.swift in Sources */,
				915A392627C743BE0036522F /* TrailingIconLabelStyle.swift in Sources */,
				915A392127C738790036522F /* DailyExercise.swift in Sources */,
				91CA778327C71251001EA08A /* MeetingView.swift in Sources */,
				91CA778127C71251001EA08A /* iTrainerApp.swift in Sources */,
				915A392827C85FD70036522F /* ExerciseView.swift in Sources */,
				915A392327C73D6B0036522F /* CardView.swift in Sources */,
			);
			runOnlyForDeploymentPostprocessing = 0;
		};
		91CA778927C71252001EA08A /* Sources */ = {
			isa = PBXSourcesBuildPhase;
			buildActionMask = 2147483647;
			files = (
				91CA779227C71252001EA08A /* iTrainerTests.swift in Sources */,
			);
			runOnlyForDeploymentPostprocessing = 0;
		};
		91CA779327C71252001EA08A /* Sources */ = {
			isa = PBXSourcesBuildPhase;
			buildActionMask = 2147483647;
			files = (
				91CA779E27C71252001EA08A /* iTrainerUITestsLaunchTests.swift in Sources */,
				91CA779C27C71252001EA08A /* iTrainerUITests.swift in Sources */,
			);
			runOnlyForDeploymentPostprocessing = 0;
		};
/* End PBXSourcesBuildPhase section */

/* Begin PBXTargetDependency section */
		91CA778F27C71252001EA08A /* PBXTargetDependency */ = {
			isa = PBXTargetDependency;
			target = 91CA777C27C71251001EA08A /* iTrainer */;
			targetProxy = 91CA778E27C71252001EA08A /* PBXContainerItemProxy */;
		};
		91CA779927C71252001EA08A /* PBXTargetDependency */ = {
			isa = PBXTargetDependency;
			target = 91CA777C27C71251001EA08A /* iTrainer */;
			targetProxy = 91CA779827C71252001EA08A /* PBXContainerItemProxy */;
		};
/* End PBXTargetDependency section */

/* Begin XCBuildConfiguration section */
		91CA779F27C71252001EA08A /* Debug */ = {
			isa = XCBuildConfiguration;
			buildSettings = {
				ALWAYS_SEARCH_USER_PATHS = NO;
				CLANG_ANALYZER_NONNULL = YES;
				CLANG_ANALYZER_NUMBER_OBJECT_CONVERSION = YES_AGGRESSIVE;
				CLANG_CXX_LANGUAGE_STANDARD = "gnu++17";
				CLANG_CXX_LIBRARY = "libc++";
				CLANG_ENABLE_MODULES = YES;
				CLANG_ENABLE_OBJC_ARC = YES;
				CLANG_ENABLE_OBJC_WEAK = YES;
				CLANG_WARN_BLOCK_CAPTURE_AUTORELEASING = YES;
				CLANG_WARN_BOOL_CONVERSION = YES;
				CLANG_WARN_COMMA = YES;
				CLANG_WARN_CONSTANT_CONVERSION = YES;
				CLANG_WARN_DEPRECATED_OBJC_IMPLEMENTATIONS = YES;
				CLANG_WARN_DIRECT_OBJC_ISA_USAGE = YES_ERROR;
				CLANG_WARN_DOCUMENTATION_COMMENTS = YES;
				CLANG_WARN_EMPTY_BODY = YES;
				CLANG_WARN_ENUM_CONVERSION = YES;
				CLANG_WARN_INFINITE_RECURSION = YES;
				CLANG_WARN_INT_CONVERSION = YES;
				CLANG_WARN_NON_LITERAL_NULL_CONVERSION = YES;
				CLANG_WARN_OBJC_IMPLICIT_RETAIN_SELF = YES;
				CLANG_WARN_OBJC_LITERAL_CONVERSION = YES;
				CLANG_WARN_OBJC_ROOT_CLASS = YES_ERROR;
				CLANG_WARN_QUOTED_INCLUDE_IN_FRAMEWORK_HEADER = YES;
				CLANG_WARN_RANGE_LOOP_ANALYSIS = YES;
				CLANG_WARN_STRICT_PROTOTYPES = YES;
				CLANG_WARN_SUSPICIOUS_MOVE = YES;
				CLANG_WARN_UNGUARDED_AVAILABILITY = YES_AGGRESSIVE;
				CLANG_WARN_UNREACHABLE_CODE = YES;
				CLANG_WARN__DUPLICATE_METHOD_MATCH = YES;
				COPY_PHASE_STRIP = NO;
				DEBUG_INFORMATION_FORMAT = dwarf;
				ENABLE_STRICT_OBJC_MSGSEND = YES;
				ENABLE_TESTABILITY = YES;
				GCC_C_LANGUAGE_STANDARD = gnu11;
				GCC_DYNAMIC_NO_PIC = NO;
				GCC_NO_COMMON_BLOCKS = YES;
				GCC_OPTIMIZATION_LEVEL = 0;
				GCC_PREPROCESSOR_DEFINITIONS = (
					"DEBUG=1",
					"$(inherited)",
				);
				GCC_WARN_64_TO_32_BIT_CONVERSION = YES;
				GCC_WARN_ABOUT_RETURN_TYPE = YES_ERROR;
				GCC_WARN_UNDECLARED_SELECTOR = YES;
				GCC_WARN_UNINITIALIZED_AUTOS = YES_AGGRESSIVE;
				GCC_WARN_UNUSED_FUNCTION = YES;
				GCC_WARN_UNUSED_VARIABLE = YES;
				IPHONEOS_DEPLOYMENT_TARGET = 15.2;
				MTL_ENABLE_DEBUG_INFO = INCLUDE_SOURCE;
				MTL_FAST_MATH = YES;
				ONLY_ACTIVE_ARCH = YES;
				SDKROOT = iphoneos;
				SWIFT_ACTIVE_COMPILATION_CONDITIONS = DEBUG;
				SWIFT_OPTIMIZATION_LEVEL = "-Onone";
			};
			name = Debug;
		};
		91CA77A027C71252001EA08A /* Release */ = {
			isa = XCBuildConfiguration;
			buildSettings = {
				ALWAYS_SEARCH_USER_PATHS = NO;
				CLANG_ANALYZER_NONNULL = YES;
				CLANG_ANALYZER_NUMBER_OBJECT_CONVERSION = YES_AGGRESSIVE;
				CLANG_CXX_LANGUAGE_STANDARD = "gnu++17";
				CLANG_CXX_LIBRARY = "libc++";
				CLANG_ENABLE_MODULES = YES;
				CLANG_ENABLE_OBJC_ARC = YES;
				CLANG_ENABLE_OBJC_WEAK = YES;
				CLANG_WARN_BLOCK_CAPTURE_AUTORELEASING = YES;
				CLANG_WARN_BOOL_CONVERSION = YES;
				CLANG_WARN_COMMA = YES;
				CLANG_WARN_CONSTANT_CONVERSION = YES;
				CLANG_WARN_DEPRECATED_OBJC_IMPLEMENTATIONS = YES;
				CLANG_WARN_DIRECT_OBJC_ISA_USAGE = YES_ERROR;
				CLANG_WARN_DOCUMENTATION_COMMENTS = YES;
				CLANG_WARN_EMPTY_BODY = YES;
				CLANG_WARN_ENUM_CONVERSION = YES;
				CLANG_WARN_INFINITE_RECURSION = YES;
				CLANG_WARN_INT_CONVERSION = YES;
				CLANG_WARN_NON_LITERAL_NULL_CONVERSION = YES;
				CLANG_WARN_OBJC_IMPLICIT_RETAIN_SELF = YES;
				CLANG_WARN_OBJC_LITERAL_CONVERSION = YES;
				CLANG_WARN_OBJC_ROOT_CLASS = YES_ERROR;
				CLANG_WARN_QUOTED_INCLUDE_IN_FRAMEWORK_HEADER = YES;
				CLANG_WARN_RANGE_LOOP_ANALYSIS = YES;
				CLANG_WARN_STRICT_PROTOTYPES = YES;
				CLANG_WARN_SUSPICIOUS_MOVE = YES;
				CLANG_WARN_UNGUARDED_AVAILABILITY = YES_AGGRESSIVE;
				CLANG_WARN_UNREACHABLE_CODE = YES;
				CLANG_WARN__DUPLICATE_METHOD_MATCH = YES;
				COPY_PHASE_STRIP = NO;
				DEBUG_INFORMATION_FORMAT = "dwarf-with-dsym";
				ENABLE_NS_ASSERTIONS = NO;
				ENABLE_STRICT_OBJC_MSGSEND = YES;
				GCC_C_LANGUAGE_STANDARD = gnu11;
				GCC_NO_COMMON_BLOCKS = YES;
				GCC_WARN_64_TO_32_BIT_CONVERSION = YES;
				GCC_WARN_ABOUT_RETURN_TYPE = YES_ERROR;
				GCC_WARN_UNDECLARED_SELECTOR = YES;
				GCC_WARN_UNINITIALIZED_AUTOS = YES_AGGRESSIVE;
				GCC_WARN_UNUSED_FUNCTION = YES;
				GCC_WARN_UNUSED_VARIABLE = YES;
				IPHONEOS_DEPLOYMENT_TARGET = 15.2;
				MTL_ENABLE_DEBUG_INFO = NO;
				MTL_FAST_MATH = YES;
				SDKROOT = iphoneos;
				SWIFT_COMPILATION_MODE = wholemodule;
				SWIFT_OPTIMIZATION_LEVEL = "-O";
				VALIDATE_PRODUCT = YES;
			};
			name = Release;
		};
		91CA77A227C71252001EA08A /* Debug */ = {
			isa = XCBuildConfiguration;
			buildSettings = {
				ASSETCATALOG_COMPILER_APPICON_NAME = AppIcon;
				ASSETCATALOG_COMPILER_GLOBAL_ACCENT_COLOR_NAME = AccentColor;
				CODE_SIGN_STYLE = Automatic;
				CURRENT_PROJECT_VERSION = 1;
				DEVELOPMENT_ASSET_PATHS = "\"iTrainer/Preview Content\"";
				DEVELOPMENT_TEAM = 376Q6SY93B;
				ENABLE_PREVIEWS = YES;
				GENERATE_INFOPLIST_FILE = YES;
				INFOPLIST_KEY_UIApplicationSceneManifest_Generation = YES;
				INFOPLIST_KEY_UIApplicationSupportsIndirectInputEvents = YES;
				INFOPLIST_KEY_UILaunchScreen_Generation = YES;
				INFOPLIST_KEY_UISupportedInterfaceOrientations_iPad = "UIInterfaceOrientationPortrait UIInterfaceOrientationPortraitUpsideDown UIInterfaceOrientationLandscapeLeft UIInterfaceOrientationLandscapeRight";
				INFOPLIST_KEY_UISupportedInterfaceOrientations_iPhone = "UIInterfaceOrientationPortrait UIInterfaceOrientationLandscapeLeft UIInterfaceOrientationLandscapeRight";
				LD_RUNPATH_SEARCH_PATHS = (
					"$(inherited)",
					"@executable_path/Frameworks",
				);
				MARKETING_VERSION = 1.0;
				PRODUCT_BUNDLE_IDENTIFIER = com.rchang0501.iTrainer;
				PRODUCT_NAME = "$(TARGET_NAME)";
				SWIFT_EMIT_LOC_STRINGS = YES;
				SWIFT_VERSION = 5.0;
				TARGETED_DEVICE_FAMILY = "1,2";
			};
			name = Debug;
		};
		91CA77A327C71252001EA08A /* Release */ = {
			isa = XCBuildConfiguration;
			buildSettings = {
				ASSETCATALOG_COMPILER_APPICON_NAME = AppIcon;
				ASSETCATALOG_COMPILER_GLOBAL_ACCENT_COLOR_NAME = AccentColor;
				CODE_SIGN_STYLE = Automatic;
				CURRENT_PROJECT_VERSION = 1;
				DEVELOPMENT_ASSET_PATHS = "\"iTrainer/Preview Content\"";
				DEVELOPMENT_TEAM = 376Q6SY93B;
				ENABLE_PREVIEWS = YES;
				GENERATE_INFOPLIST_FILE = YES;
				INFOPLIST_KEY_UIApplicationSceneManifest_Generation = YES;
				INFOPLIST_KEY_UIApplicationSupportsIndirectInputEvents = YES;
				INFOPLIST_KEY_UILaunchScreen_Generation = YES;
				INFOPLIST_KEY_UISupportedInterfaceOrientations_iPad = "UIInterfaceOrientationPortrait UIInterfaceOrientationPortraitUpsideDown UIInterfaceOrientationLandscapeLeft UIInterfaceOrientationLandscapeRight";
				INFOPLIST_KEY_UISupportedInterfaceOrientations_iPhone = "UIInterfaceOrientationPortrait UIInterfaceOrientationLandscapeLeft UIInterfaceOrientationLandscapeRight";
				LD_RUNPATH_SEARCH_PATHS = (
					"$(inherited)",
					"@executable_path/Frameworks",
				);
				MARKETING_VERSION = 1.0;
				PRODUCT_BUNDLE_IDENTIFIER = com.rchang0501.iTrainer;
				PRODUCT_NAME = "$(TARGET_NAME)";
				SWIFT_EMIT_LOC_STRINGS = YES;
				SWIFT_VERSION = 5.0;
				TARGETED_DEVICE_FAMILY = "1,2";
			};
			name = Release;
		};
		91CA77A527C71252001EA08A /* Debug */ = {
			isa = XCBuildConfiguration;
			buildSettings = {
				ALWAYS_EMBED_SWIFT_STANDARD_LIBRARIES = YES;
				BUNDLE_LOADER = "$(TEST_HOST)";
				CODE_SIGN_STYLE = Automatic;
				CURRENT_PROJECT_VERSION = 1;
				DEVELOPMENT_TEAM = 376Q6SY93B;
				GENERATE_INFOPLIST_FILE = YES;
				IPHONEOS_DEPLOYMENT_TARGET = 15.2;
				MARKETING_VERSION = 1.0;
				PRODUCT_BUNDLE_IDENTIFIER = com.rchang0501.iTrainerTests;
				PRODUCT_NAME = "$(TARGET_NAME)";
				SWIFT_EMIT_LOC_STRINGS = NO;
				SWIFT_VERSION = 5.0;
				TARGETED_DEVICE_FAMILY = "1,2";
				TEST_HOST = "$(BUILT_PRODUCTS_DIR)/iTrainer.app/iTrainer";
			};
			name = Debug;
		};
		91CA77A627C71252001EA08A /* Release */ = {
			isa = XCBuildConfiguration;
			buildSettings = {
				ALWAYS_EMBED_SWIFT_STANDARD_LIBRARIES = YES;
				BUNDLE_LOADER = "$(TEST_HOST)";
				CODE_SIGN_STYLE = Automatic;
				CURRENT_PROJECT_VERSION = 1;
				DEVELOPMENT_TEAM = 376Q6SY93B;
				GENERATE_INFOPLIST_FILE = YES;
				IPHONEOS_DEPLOYMENT_TARGET = 15.2;
				MARKETING_VERSION = 1.0;
				PRODUCT_BUNDLE_IDENTIFIER = com.rchang0501.iTrainerTests;
				PRODUCT_NAME = "$(TARGET_NAME)";
				SWIFT_EMIT_LOC_STRINGS = NO;
				SWIFT_VERSION = 5.0;
				TARGETED_DEVICE_FAMILY = "1,2";
				TEST_HOST = "$(BUILT_PRODUCTS_DIR)/iTrainer.app/iTrainer";
			};
			name = Release;
		};
		91CA77A827C71252001EA08A /* Debug */ = {
			isa = XCBuildConfiguration;
			buildSettings = {
				ALWAYS_EMBED_SWIFT_STANDARD_LIBRARIES = YES;
				CODE_SIGN_STYLE = Automatic;
				CURRENT_PROJECT_VERSION = 1;
				DEVELOPMENT_TEAM = 376Q6SY93B;
				GENERATE_INFOPLIST_FILE = YES;
				MARKETING_VERSION = 1.0;
				PRODUCT_BUNDLE_IDENTIFIER = com.rchang0501.iTrainerUITests;
				PRODUCT_NAME = "$(TARGET_NAME)";
				SWIFT_EMIT_LOC_STRINGS = NO;
				SWIFT_VERSION = 5.0;
				TARGETED_DEVICE_FAMILY = "1,2";
				TEST_TARGET_NAME = iTrainer;
			};
			name = Debug;
		};
		91CA77A927C71252001EA08A /* Release */ = {
			isa = XCBuildConfiguration;
			buildSettings = {
				ALWAYS_EMBED_SWIFT_STANDARD_LIBRARIES = YES;
				CODE_SIGN_STYLE = Automatic;
				CURRENT_PROJECT_VERSION = 1;
				DEVELOPMENT_TEAM = 376Q6SY93B;
				GENERATE_INFOPLIST_FILE = YES;
				MARKETING_VERSION = 1.0;
				PRODUCT_BUNDLE_IDENTIFIER = com.rchang0501.iTrainerUITests;
				PRODUCT_NAME = "$(TARGET_NAME)";
				SWIFT_EMIT_LOC_STRINGS = NO;
				SWIFT_VERSION = 5.0;
				TARGETED_DEVICE_FAMILY = "1,2";
				TEST_TARGET_NAME = iTrainer;
			};
			name = Release;
		};
/* End XCBuildConfiguration section */

/* Begin XCConfigurationList section */
		91CA777827C71251001EA08A /* Build configuration list for PBXProject "iTrainer" */ = {
			isa = XCConfigurationList;
			buildConfigurations = (
				91CA779F27C71252001EA08A /* Debug */,
				91CA77A027C71252001EA08A /* Release */,
			);
			defaultConfigurationIsVisible = 0;
			defaultConfigurationName = Release;
		};
		91CA77A127C71252001EA08A /* Build configuration list for PBXNativeTarget "iTrainer" */ = {
			isa = XCConfigurationList;
			buildConfigurations = (
				91CA77A227C71252001EA08A /* Debug */,
				91CA77A327C71252001EA08A /* Release */,
			);
			defaultConfigurationIsVisible = 0;
			defaultConfigurationName = Release;
		};
		91CA77A427C71252001EA08A /* Build configuration list for PBXNativeTarget "iTrainerTests" */ = {
			isa = XCConfigurationList;
			buildConfigurations = (
				91CA77A527C71252001EA08A /* Debug */,
				91CA77A627C71252001EA08A /* Release */,
			);
			defaultConfigurationIsVisible = 0;
			defaultConfigurationName = Release;
		};
		91CA77A727C71252001EA08A /* Build configuration list for PBXNativeTarget "iTrainerUITests" */ = {
			isa = XCConfigurationList;
			buildConfigurations = (
				91CA77A827C71252001EA08A /* Debug */,
				91CA77A927C71252001EA08A /* Release */,
			);
			defaultConfigurationIsVisible = 0;
			defaultConfigurationName = Release;
		};
/* End XCConfigurationList section */
	};
	rootObject = 91CA777527C71251001EA08A /* Project object */;
}
